
Microsoft Visual Studio Solution File, Format Version 12.00
# Visual Studio 2012
Project("{FAE04EC0-301F-11D3-BF4B-00C04F79EFBC}") = "12.GSMCallHistoryTest", "12.GSMCallHistoryTest\12.GSMCallHistoryTest.csproj", "{EB6FCA5A-7897-4C11-98A9-A62887A822B3}"
EndProject
Project("{FAE04EC0-301F-11D3-BF4B-00C04F79EFBC}") = "1-11.GSMProgram", "1-11.GSMProgram\1-11.GSMProgram.csproj", "{A1426E42-7DC1-4718-B170-E8F3F4E7FBF4}"
EndProject
Global
	GlobalSection(SolutionConfigurationPlatforms) = preSolution
		Debug|Any CPU = Debug|Any CPU
		Release|Any CPU = Release|Any CPU
	EndGlobalSection
	GlobalSection(ProjectConfigurationPlatforms) = postSolution
		{EB6FCA5A-7897-4C11-98A9-A62887A822B3}.Debug|Any CPU.ActiveCfg = Debug|Any CPU
		{EB6FCA5A-7897-4C11-98A9-A62887A822B3}.Debug|Any CPU.Build.0 = Debug|Any CPU
		{EB6FCA5A-7897-4C11-98A9-A62887A822B3}.Release|Any CPU.ActiveCfg = Release|Any CPU
		{EB6FCA5A-7897-4C11-98A9-A62887A822B3}.Release|Any CPU.Build.0 = Release|Any CPU
		{A1426E42-7DC1-4718-B170-E8F3F4E7FBF4}.Debug|Any CPU.ActiveCfg = Debug|Any CPU
		{A1426E42-7DC1-4718-B170-E8F3F4E7FBF4}.Debug|Any CPU.Build.0 = Debug|Any CPU
		{A1426E42-7DC1-4718-B170-E8F3F4E7FBF4}.Release|Any CPU.ActiveCfg = Release|Any CPU
		{A1426E42-7DC1-4718-B170-E8F3F4E7FBF4}.Release|Any CPU.Build.0 = Release|Any CPU
	EndGlobalSection
	GlobalSection(SolutionProperties) = preSolution
		HideSolutionNode = FALSE
	EndGlobalSection
EndGlobal
