
Microsoft Visual Studio Solution File, Format Version 12.00
# Visual Studio 2012
Project("{FAE04EC0-301F-11D3-BF4B-00C04F79EFBC}") = "School", "FundamentalPrinciples_Part_I\School.csproj", "{E6DF0DD4-44C2-49D8-8F55-5A890AEB2DD5}"
EndProject
Project("{FAE04EC0-301F-11D3-BF4B-00C04F79EFBC}") = "Humans", "Humans\Humans.csproj", "{F1CEAC2E-1CFA-41D1-B959-3C78C91170FC}"
EndProject
Project("{FAE04EC0-301F-11D3-BF4B-00C04F79EFBC}") = "Hierarchy", "Hierarchy\Hierarchy.csproj", "{D9173861-F2F5-42A8-A66B-D5EDF507E834}"
EndProject
Global
	GlobalSection(SolutionConfigurationPlatforms) = preSolution
		Debug|Any CPU = Debug|Any CPU
		Release|Any CPU = Release|Any CPU
	EndGlobalSection
	GlobalSection(ProjectConfigurationPlatforms) = postSolution
		{E6DF0DD4-44C2-49D8-8F55-5A890AEB2DD5}.Debug|Any CPU.ActiveCfg = Debug|Any CPU
		{E6DF0DD4-44C2-49D8-8F55-5A890AEB2DD5}.Debug|Any CPU.Build.0 = Debug|Any CPU
		{E6DF0DD4-44C2-49D8-8F55-5A890AEB2DD5}.Release|Any CPU.ActiveCfg = Release|Any CPU
		{E6DF0DD4-44C2-49D8-8F55-5A890AEB2DD5}.Release|Any CPU.Build.0 = Release|Any CPU
		{F1CEAC2E-1CFA-41D1-B959-3C78C91170FC}.Debug|Any CPU.ActiveCfg = Debug|Any CPU
		{F1CEAC2E-1CFA-41D1-B959-3C78C91170FC}.Debug|Any CPU.Build.0 = Debug|Any CPU
		{F1CEAC2E-1CFA-41D1-B959-3C78C91170FC}.Release|Any CPU.ActiveCfg = Release|Any CPU
		{F1CEAC2E-1CFA-41D1-B959-3C78C91170FC}.Release|Any CPU.Build.0 = Release|Any CPU
		{D9173861-F2F5-42A8-A66B-D5EDF507E834}.Debug|Any CPU.ActiveCfg = Debug|Any CPU
		{D9173861-F2F5-42A8-A66B-D5EDF507E834}.Debug|Any CPU.Build.0 = Debug|Any CPU
		{D9173861-F2F5-42A8-A66B-D5EDF507E834}.Release|Any CPU.ActiveCfg = Release|Any CPU
		{D9173861-F2F5-42A8-A66B-D5EDF507E834}.Release|Any CPU.Build.0 = Release|Any CPU
	EndGlobalSection
	GlobalSection(SolutionProperties) = preSolution
		HideSolutionNode = FALSE
	EndGlobalSection
EndGlobal
