
Microsoft Visual Studio Solution File, Format Version 12.00
# Visual Studio 2012
Project("{FAE04EC0-301F-11D3-BF4B-00C04F79EFBC}") = "1. LinearDataStructures", "LinearDataStructures\1. LinearDataStructures.csproj", "{DCFB7599-8AA2-4590-A81C-0DE427E1ECEC}"
EndProject
Project("{FAE04EC0-301F-11D3-BF4B-00C04F79EFBC}") = "2. PushInTheStack", "2. PushInTheStack\2. PushInTheStack.csproj", "{5D2B34F1-29DC-4424-AD77-4F2523B684E8}"
EndProject
Project("{FAE04EC0-301F-11D3-BF4B-00C04F79EFBC}") = "SortingNumbers", "SortingNumbers\SortingNumbers.csproj", "{EB340746-3BF2-4565-BFE5-F35596513D14}"
EndProject
Global
	GlobalSection(SolutionConfigurationPlatforms) = preSolution
		Debug|Any CPU = Debug|Any CPU
		Release|Any CPU = Release|Any CPU
	EndGlobalSection
	GlobalSection(ProjectConfigurationPlatforms) = postSolution
		{DCFB7599-8AA2-4590-A81C-0DE427E1ECEC}.Debug|Any CPU.ActiveCfg = Debug|Any CPU
		{DCFB7599-8AA2-4590-A81C-0DE427E1ECEC}.Debug|Any CPU.Build.0 = Debug|Any CPU
		{DCFB7599-8AA2-4590-A81C-0DE427E1ECEC}.Release|Any CPU.ActiveCfg = Release|Any CPU
		{DCFB7599-8AA2-4590-A81C-0DE427E1ECEC}.Release|Any CPU.Build.0 = Release|Any CPU
		{5D2B34F1-29DC-4424-AD77-4F2523B684E8}.Debug|Any CPU.ActiveCfg = Debug|Any CPU
		{5D2B34F1-29DC-4424-AD77-4F2523B684E8}.Debug|Any CPU.Build.0 = Debug|Any CPU
		{5D2B34F1-29DC-4424-AD77-4F2523B684E8}.Release|Any CPU.ActiveCfg = Release|Any CPU
		{5D2B34F1-29DC-4424-AD77-4F2523B684E8}.Release|Any CPU.Build.0 = Release|Any CPU
		{EB340746-3BF2-4565-BFE5-F35596513D14}.Debug|Any CPU.ActiveCfg = Debug|Any CPU
		{EB340746-3BF2-4565-BFE5-F35596513D14}.Debug|Any CPU.Build.0 = Debug|Any CPU
		{EB340746-3BF2-4565-BFE5-F35596513D14}.Release|Any CPU.ActiveCfg = Release|Any CPU
		{EB340746-3BF2-4565-BFE5-F35596513D14}.Release|Any CPU.Build.0 = Release|Any CPU
	EndGlobalSection
	GlobalSection(SolutionProperties) = preSolution
		HideSolutionNode = FALSE
	EndGlobalSection
EndGlobal
