
Microsoft Visual Studio Solution File, Format Version 12.00
# Visual Studio 2012
Project("{FAE04EC0-301F-11D3-BF4B-00C04F79EFBC}") = "1. LinearDataStructures", "LinearDataStructures\1. LinearDataStructures.csproj", "{DCFB7599-8AA2-4590-A81C-0DE427E1ECEC}"
EndProject
Project("{FAE04EC0-301F-11D3-BF4B-00C04F79EFBC}") = "2. PushInTheStack", "2. PushInTheStack\2. PushInTheStack.csproj", "{5D2B34F1-29DC-4424-AD77-4F2523B684E8}"
EndProject
Project("{FAE04EC0-301F-11D3-BF4B-00C04F79EFBC}") = "3. SortingNumbers", "SortingNumbers\3. SortingNumbers.csproj", "{EB340746-3BF2-4565-BFE5-F35596513D14}"
EndProject
Project("{FAE04EC0-301F-11D3-BF4B-00C04F79EFBC}") = "4. LongestSubSequence", "LongestSubSequence\4. LongestSubSequence.csproj", "{B93FEF38-9C25-43AE-91FD-0FFB71E27AA3}"
EndProject
Project("{FAE04EC0-301F-11D3-BF4B-00C04F79EFBC}") = "LongestSubSequenceTest", "LongestSubSequenceTest\LongestSubSequenceTest.csproj", "{D804A424-EA9D-46D0-A687-BEE6F79949D6}"
EndProject
Project("{FAE04EC0-301F-11D3-BF4B-00C04F79EFBC}") = "5.RemoveNegative", "5.RemoveNegative\5.RemoveNegative.csproj", "{92100C93-A249-4322-A9B0-F87142A531F0}"
EndProject
Project("{FAE04EC0-301F-11D3-BF4B-00C04F79EFBC}") = "6.RemoveOddOccuring", "6.RemoveOddOccuring\6.RemoveOddOccuring.csproj", "{FC5E86B7-5866-4974-89F3-780FDB54054A}"
EndProject
Project("{FAE04EC0-301F-11D3-BF4B-00C04F79EFBC}") = "7.FindUccurences", "7.FindUccurences\7.FindUccurences.csproj", "{1DD5C075-5D57-4762-9C9E-B3323038C6C2}"
EndProject
Global
	GlobalSection(SolutionConfigurationPlatforms) = preSolution
		Debug|Any CPU = Debug|Any CPU
		Release|Any CPU = Release|Any CPU
	EndGlobalSection
	GlobalSection(ProjectConfigurationPlatforms) = postSolution
		{DCFB7599-8AA2-4590-A81C-0DE427E1ECEC}.Debug|Any CPU.ActiveCfg = Debug|Any CPU
		{DCFB7599-8AA2-4590-A81C-0DE427E1ECEC}.Debug|Any CPU.Build.0 = Debug|Any CPU
		{DCFB7599-8AA2-4590-A81C-0DE427E1ECEC}.Release|Any CPU.ActiveCfg = Release|Any CPU
		{DCFB7599-8AA2-4590-A81C-0DE427E1ECEC}.Release|Any CPU.Build.0 = Release|Any CPU
		{5D2B34F1-29DC-4424-AD77-4F2523B684E8}.Debug|Any CPU.ActiveCfg = Debug|Any CPU
		{5D2B34F1-29DC-4424-AD77-4F2523B684E8}.Debug|Any CPU.Build.0 = Debug|Any CPU
		{5D2B34F1-29DC-4424-AD77-4F2523B684E8}.Release|Any CPU.ActiveCfg = Release|Any CPU
		{5D2B34F1-29DC-4424-AD77-4F2523B684E8}.Release|Any CPU.Build.0 = Release|Any CPU
		{EB340746-3BF2-4565-BFE5-F35596513D14}.Debug|Any CPU.ActiveCfg = Debug|Any CPU
		{EB340746-3BF2-4565-BFE5-F35596513D14}.Debug|Any CPU.Build.0 = Debug|Any CPU
		{EB340746-3BF2-4565-BFE5-F35596513D14}.Release|Any CPU.ActiveCfg = Release|Any CPU
		{EB340746-3BF2-4565-BFE5-F35596513D14}.Release|Any CPU.Build.0 = Release|Any CPU
		{B93FEF38-9C25-43AE-91FD-0FFB71E27AA3}.Debug|Any CPU.ActiveCfg = Debug|Any CPU
		{B93FEF38-9C25-43AE-91FD-0FFB71E27AA3}.Debug|Any CPU.Build.0 = Debug|Any CPU
		{B93FEF38-9C25-43AE-91FD-0FFB71E27AA3}.Release|Any CPU.ActiveCfg = Release|Any CPU
		{B93FEF38-9C25-43AE-91FD-0FFB71E27AA3}.Release|Any CPU.Build.0 = Release|Any CPU
		{D804A424-EA9D-46D0-A687-BEE6F79949D6}.Debug|Any CPU.ActiveCfg = Debug|Any CPU
		{D804A424-EA9D-46D0-A687-BEE6F79949D6}.Debug|Any CPU.Build.0 = Debug|Any CPU
		{D804A424-EA9D-46D0-A687-BEE6F79949D6}.Release|Any CPU.ActiveCfg = Release|Any CPU
		{D804A424-EA9D-46D0-A687-BEE6F79949D6}.Release|Any CPU.Build.0 = Release|Any CPU
		{92100C93-A249-4322-A9B0-F87142A531F0}.Debug|Any CPU.ActiveCfg = Debug|Any CPU
		{92100C93-A249-4322-A9B0-F87142A531F0}.Debug|Any CPU.Build.0 = Debug|Any CPU
		{92100C93-A249-4322-A9B0-F87142A531F0}.Release|Any CPU.ActiveCfg = Release|Any CPU
		{92100C93-A249-4322-A9B0-F87142A531F0}.Release|Any CPU.Build.0 = Release|Any CPU
		{FC5E86B7-5866-4974-89F3-780FDB54054A}.Debug|Any CPU.ActiveCfg = Debug|Any CPU
		{FC5E86B7-5866-4974-89F3-780FDB54054A}.Debug|Any CPU.Build.0 = Debug|Any CPU
		{FC5E86B7-5866-4974-89F3-780FDB54054A}.Release|Any CPU.ActiveCfg = Release|Any CPU
		{FC5E86B7-5866-4974-89F3-780FDB54054A}.Release|Any CPU.Build.0 = Release|Any CPU
		{1DD5C075-5D57-4762-9C9E-B3323038C6C2}.Debug|Any CPU.ActiveCfg = Debug|Any CPU
		{1DD5C075-5D57-4762-9C9E-B3323038C6C2}.Debug|Any CPU.Build.0 = Debug|Any CPU
		{1DD5C075-5D57-4762-9C9E-B3323038C6C2}.Release|Any CPU.ActiveCfg = Release|Any CPU
		{1DD5C075-5D57-4762-9C9E-B3323038C6C2}.Release|Any CPU.Build.0 = Release|Any CPU
	EndGlobalSection
	GlobalSection(SolutionProperties) = preSolution
		HideSolutionNode = FALSE
	EndGlobalSection
EndGlobal
